
Microsoft Visual Studio Solution File, Format Version 12.00
# Visual Studio Version 17
VisualStudioVersion = 17.0.31903.59
MinimumVisualStudioVersion = 10.0.40219.1
Project("{2150E333-8FDC-42A3-9474-1A3956D46DE8}") = "src", "src", "{ABACA11E-C59C-4B4F-83C0-537A4F95DC59}"
EndProject
Project("{FAE04EC0-301F-11D3-BF4B-00C04F79EFBC}") = "SmartCopy.Core", "src\SmartCopy.Core\SmartCopy.Core.csproj", "{9C56F06B-BF3C-4DA6-A39E-C53919B5C4C0}"
EndProject
Project("{FAE04EC0-301F-11D3-BF4B-00C04F79EFBC}") = "SmartCopy.App", "src\SmartCopy.App\SmartCopy.App.csproj", "{8F589230-8D17-4BD6-8D7B-E98BA684C9BE}"
EndProject
Project("{2150E333-8FDC-42A3-9474-1A3956D46DE8}") = "tests", "tests", "{59AB6F13-EDFB-4AEA-8F8F-648FFA7A03BC}"
EndProject
Project("{FAE04EC0-301F-11D3-BF4B-00C04F79EFBC}") = "SmartCopy.Tests", "tests\SmartCopy.Tests\SmartCopy.Tests.csproj", "{F00FDA20-1D96-4BDA-9D5F-187CCEE93B96}"
EndProject
Global
	GlobalSection(SolutionConfigurationPlatforms) = preSolution
		Debug|Any CPU = Debug|Any CPU
		Release|Any CPU = Release|Any CPU
	EndGlobalSection
	GlobalSection(SolutionProperties) = preSolution
		HideSolutionNode = FALSE
	EndGlobalSection
	GlobalSection(ProjectConfigurationPlatforms) = postSolution
		{9C56F06B-BF3C-4DA6-A39E-C53919B5C4C0}.Debug|Any CPU.ActiveCfg = Debug|Any CPU
		{9C56F06B-BF3C-4DA6-A39E-C53919B5C4C0}.Debug|Any CPU.Build.0 = Debug|Any CPU
		{9C56F06B-BF3C-4DA6-A39E-C53919B5C4C0}.Release|Any CPU.ActiveCfg = Release|Any CPU
		{9C56F06B-BF3C-4DA6-A39E-C53919B5C4C0}.Release|Any CPU.Build.0 = Release|Any CPU
		{8F589230-8D17-4BD6-8D7B-E98BA684C9BE}.Debug|Any CPU.ActiveCfg = Debug|Any CPU
		{8F589230-8D17-4BD6-8D7B-E98BA684C9BE}.Debug|Any CPU.Build.0 = Debug|Any CPU
		{8F589230-8D17-4BD6-8D7B-E98BA684C9BE}.Release|Any CPU.ActiveCfg = Release|Any CPU
		{8F589230-8D17-4BD6-8D7B-E98BA684C9BE}.Release|Any CPU.Build.0 = Release|Any CPU
		{F00FDA20-1D96-4BDA-9D5F-187CCEE93B96}.Debug|Any CPU.ActiveCfg = Debug|Any CPU
		{F00FDA20-1D96-4BDA-9D5F-187CCEE93B96}.Debug|Any CPU.Build.0 = Debug|Any CPU
		{F00FDA20-1D96-4BDA-9D5F-187CCEE93B96}.Release|Any CPU.ActiveCfg = Release|Any CPU
		{F00FDA20-1D96-4BDA-9D5F-187CCEE93B96}.Release|Any CPU.Build.0 = Release|Any CPU
	EndGlobalSection
	GlobalSection(NestedProjects) = preSolution
		{9C56F06B-BF3C-4DA6-A39E-C53919B5C4C0} = {ABACA11E-C59C-4B4F-83C0-537A4F95DC59}
		{8F589230-8D17-4BD6-8D7B-E98BA684C9BE} = {ABACA11E-C59C-4B4F-83C0-537A4F95DC59}
		{F00FDA20-1D96-4BDA-9D5F-187CCEE93B96} = {59AB6F13-EDFB-4AEA-8F8F-648FFA7A03BC}
	EndGlobalSection
EndGlobal
